// !$*UTF8*$!
{
	archiveVersion = 1;
	classes = {
	};
	objectVersion = 56;
	objects = {

/* Begin PBXBuildFile section */
		4E11F8852D0B84A7002F954E /* AppDelegate.swift in Sources */ = {isa = PBXBuildFile; fileRef = 4E11F8842D0B84A7002F954E /* AppDelegate.swift */; };
		4E11F8872D0B84A7002F954E /* SceneDelegate.swift in Sources */ = {isa = PBXBuildFile; fileRef = 4E11F8862D0B84A7002F954E /* SceneDelegate.swift */; };
		4E11F8892D0B84A7002F954E /* WeatherViewController.swift in Sources */ = {isa = PBXBuildFile; fileRef = 4E11F8882D0B84A7002F954E /* WeatherViewController.swift */; };
		4E11F88E2D0B84A8002F954E /* Assets.xcassets in Resources */ = {isa = PBXBuildFile; fileRef = 4E11F88D2D0B84A8002F954E /* Assets.xcassets */; };
		4E11F8912D0B84A8002F954E /* Base in Resources */ = {isa = PBXBuildFile; fileRef = 4E11F8902D0B84A8002F954E /* Base */; };
		4E11F89F2D0F0E85002F954E /* CitiesViewController.swift in Sources */ = {isa = PBXBuildFile; fileRef = 4E11F89E2D0F0E85002F954E /* CitiesViewController.swift */; };
		4E11F8A22D0F521D002F954E /* citylist.json in Resources */ = {isa = PBXBuildFile; fileRef = 4E11F8A12D0F521D002F954E /* citylist.json */; };
		4E11F8A52D0F52DE002F954E /* WeatherModel.swift in Sources */ = {isa = PBXBuildFile; fileRef = 4E11F8A42D0F52DE002F954E /* WeatherModel.swift */; };
		4E11F8A72D0F5320002F954E /* CityModel.swift in Sources */ = {isa = PBXBuildFile; fileRef = 4E11F8A62D0F5320002F954E /* CityModel.swift */; };
		4E11F8A92D0F5385002F954E /* APIService.swift in Sources */ = {isa = PBXBuildFile; fileRef = 4E11F8A82D0F5385002F954E /* APIService.swift */; };
		4E11F8AB2D0F53E4002F954E /* NetworkService.swift in Sources */ = {isa = PBXBuildFile; fileRef = 4E11F8AA2D0F53E4002F954E /* NetworkService.swift */; };
		4E11F8AD2D0F541C002F954E /* NetworkFetcher.swift in Sources */ = {isa = PBXBuildFile; fileRef = 4E11F8AC2D0F541C002F954E /* NetworkFetcher.swift */; };
		4E11F8AF2D0F5493002F954E /* DataFetcher.swift in Sources */ = {isa = PBXBuildFile; fileRef = 4E11F8AE2D0F5493002F954E /* DataFetcher.swift */; };
		4E11F8B12D0F552A002F954E /* LocationManager.swift in Sources */ = {isa = PBXBuildFile; fileRef = 4E11F8B02D0F552A002F954E /* LocationManager.swift */; };
		4E11F8B32D0F5556002F954E /* StorageManager.swift in Sources */ = {isa = PBXBuildFile; fileRef = 4E11F8B22D0F5556002F954E /* StorageManager.swift */; };
		4E11F8B52D0F560E002F954E /* UIview + Extension.swift in Sources */ = {isa = PBXBuildFile; fileRef = 4E11F8B42D0F560E002F954E /* UIview + Extension.swift */; };
		4E11F8B72D0F5632002F954E /* UIImageView + Extension.swift in Sources */ = {isa = PBXBuildFile; fileRef = 4E11F8B62D0F5632002F954E /* UIImageView + Extension.swift */; };
		4E11F8B92D0F5650002F954E /* Double + Extension.swift in Sources */ = {isa = PBXBuildFile; fileRef = 4E11F8B82D0F5650002F954E /* Double + Extension.swift */; };
		4E11F8BB2D0F568D002F954E /* String + Extension.swift in Sources */ = {isa = PBXBuildFile; fileRef = 4E11F8BA2D0F568D002F954E /* String + Extension.swift */; };
		4E11F8BD2D1068C2002F954E /* WeatherCurrentCVC.swift in Sources */ = {isa = PBXBuildFile; fileRef = 4E11F8BC2D1068C2002F954E /* WeatherCurrentCVC.swift */; };
		4E11F8BF2D1068CE002F954E /* HourlyWeatherCVC.swift in Sources */ = {isa = PBXBuildFile; fileRef = 4E11F8BE2D1068CE002F954E /* HourlyWeatherCVC.swift */; };
		4E11F8C12D106A22002F954E /* WeatherAstroCVC.swift in Sources */ = {isa = PBXBuildFile; fileRef = 4E11F8C02D106A22002F954E /* WeatherAstroCVC.swift */; };
		4E11F8C32D106A37002F954E /* WeatherDailyCVC.swift in Sources */ = {isa = PBXBuildFile; fileRef = 4E11F8C22D106A37002F954E /* WeatherDailyCVC.swift */; };
		4E11F8C82D106C8A002F954E /* WeatherViewModel.swift in Sources */ = {isa = PBXBuildFile; fileRef = 4E11F8C72D106C8A002F954E /* WeatherViewModel.swift */; };
		4E11F8CA2D106CA5002F954E /* CurrentWeatherCVCM.swift in Sources */ = {isa = PBXBuildFile; fileRef = 4E11F8C92D106CA5002F954E /* CurrentWeatherCVCM.swift */; };
		4E11F8CC2D106CB9002F954E /* HourlyWeatherCVCM.swift in Sources */ = {isa = PBXBuildFile; fileRef = 4E11F8CB2D106CB9002F954E /* HourlyWeatherCVCM.swift */; };
		4E11F8CE2D106CC8002F954E /* WeatherAstroCVCM.swift in Sources */ = {isa = PBXBuildFile; fileRef = 4E11F8CD2D106CC8002F954E /* WeatherAstroCVCM.swift */; };
		4E11F8D02D106CD6002F954E /* DailyWetaherCVCM.swift in Sources */ = {isa = PBXBuildFile; fileRef = 4E11F8CF2D106CD6002F954E /* DailyWetaherCVCM.swift */; };
		4E11F8D62D107184002F954E /* UIColor + Extension.swift in Sources */ = {isa = PBXBuildFile; fileRef = 4E11F8D52D107184002F954E /* UIColor + Extension.swift */; };
/* End PBXBuildFile section */

/* Begin PBXFileReference section */
		4E11F8812D0B84A7002F954E /* WeatherAppProject.app */ = {isa = PBXFileReference; explicitFileType = wrapper.application; includeInIndex = 0; path = WeatherAppProject.app; sourceTree = BUILT_PRODUCTS_DIR; };
		4E11F8842D0B84A7002F954E /* AppDelegate.swift */ = {isa = PBXFileReference; lastKnownFileType = sourcecode.swift; path = AppDelegate.swift; sourceTree = "<group>"; };
		4E11F8862D0B84A7002F954E /* SceneDelegate.swift */ = {isa = PBXFileReference; lastKnownFileType = sourcecode.swift; path = SceneDelegate.swift; sourceTree = "<group>"; };
		4E11F8882D0B84A7002F954E /* WeatherViewController.swift */ = {isa = PBXFileReference; lastKnownFileType = sourcecode.swift; path = WeatherViewController.swift; sourceTree = "<group>"; };
		4E11F88D2D0B84A8002F954E /* Assets.xcassets */ = {isa = PBXFileReference; lastKnownFileType = folder.assetcatalog; path = Assets.xcassets; sourceTree = "<group>"; };
		4E11F8902D0B84A8002F954E /* Base */ = {isa = PBXFileReference; lastKnownFileType = file.storyboard; name = Base; path = Base.lproj/LaunchScreen.storyboard; sourceTree = "<group>"; };
		4E11F8922D0B84A8002F954E /* Info.plist */ = {isa = PBXFileReference; lastKnownFileType = text.plist.xml; path = Info.plist; sourceTree = "<group>"; };
		4E11F89E2D0F0E85002F954E /* CitiesViewController.swift */ = {isa = PBXFileReference; lastKnownFileType = sourcecode.swift; path = CitiesViewController.swift; sourceTree = "<group>"; };
		4E11F8A12D0F521D002F954E /* citylist.json */ = {isa = PBXFileReference; fileEncoding = 4; lastKnownFileType = text.json; path = citylist.json; sourceTree = "<group>"; };
		4E11F8A42D0F52DE002F954E /* WeatherModel.swift */ = {isa = PBXFileReference; lastKnownFileType = sourcecode.swift; path = WeatherModel.swift; sourceTree = "<group>"; };
		4E11F8A62D0F5320002F954E /* CityModel.swift */ = {isa = PBXFileReference; lastKnownFileType = sourcecode.swift; path = CityModel.swift; sourceTree = "<group>"; };
		4E11F8A82D0F5385002F954E /* APIService.swift */ = {isa = PBXFileReference; lastKnownFileType = sourcecode.swift; path = APIService.swift; sourceTree = "<group>"; };
		4E11F8AA2D0F53E4002F954E /* NetworkService.swift */ = {isa = PBXFileReference; lastKnownFileType = sourcecode.swift; path = NetworkService.swift; sourceTree = "<group>"; };
		4E11F8AC2D0F541C002F954E /* NetworkFetcher.swift */ = {isa = PBXFileReference; lastKnownFileType = sourcecode.swift; path = NetworkFetcher.swift; sourceTree = "<group>"; };
		4E11F8AE2D0F5493002F954E /* DataFetcher.swift */ = {isa = PBXFileReference; lastKnownFileType = sourcecode.swift; path = DataFetcher.swift; sourceTree = "<group>"; };
		4E11F8B02D0F552A002F954E /* LocationManager.swift */ = {isa = PBXFileReference; lastKnownFileType = sourcecode.swift; path = LocationManager.swift; sourceTree = "<group>"; };
		4E11F8B22D0F5556002F954E /* StorageManager.swift */ = {isa = PBXFileReference; lastKnownFileType = sourcecode.swift; path = StorageManager.swift; sourceTree = "<group>"; };
		4E11F8B42D0F560E002F954E /* UIview + Extension.swift */ = {isa = PBXFileReference; lastKnownFileType = sourcecode.swift; path = "UIview + Extension.swift"; sourceTree = "<group>"; };
		4E11F8B62D0F5632002F954E /* UIImageView + Extension.swift */ = {isa = PBXFileReference; lastKnownFileType = sourcecode.swift; path = "UIImageView + Extension.swift"; sourceTree = "<group>"; };
		4E11F8B82D0F5650002F954E /* Double + Extension.swift */ = {isa = PBXFileReference; lastKnownFileType = sourcecode.swift; path = "Double + Extension.swift"; sourceTree = "<group>"; };
		4E11F8BA2D0F568D002F954E /* String + Extension.swift */ = {isa = PBXFileReference; lastKnownFileType = sourcecode.swift; path = "String + Extension.swift"; sourceTree = "<group>"; };
		4E11F8BC2D1068C2002F954E /* WeatherCurrentCVC.swift */ = {isa = PBXFileReference; lastKnownFileType = sourcecode.swift; path = WeatherCurrentCVC.swift; sourceTree = "<group>"; };
		4E11F8BE2D1068CE002F954E /* HourlyWeatherCVC.swift */ = {isa = PBXFileReference; lastKnownFileType = sourcecode.swift; path = HourlyWeatherCVC.swift; sourceTree = "<group>"; };
		4E11F8C02D106A22002F954E /* WeatherAstroCVC.swift */ = {isa = PBXFileReference; lastKnownFileType = sourcecode.swift; path = WeatherAstroCVC.swift; sourceTree = "<group>"; };
		4E11F8C22D106A37002F954E /* WeatherDailyCVC.swift */ = {isa = PBXFileReference; lastKnownFileType = sourcecode.swift; path = WeatherDailyCVC.swift; sourceTree = "<group>"; };
		4E11F8C72D106C8A002F954E /* WeatherViewModel.swift */ = {isa = PBXFileReference; lastKnownFileType = sourcecode.swift; path = WeatherViewModel.swift; sourceTree = "<group>"; };
		4E11F8C92D106CA5002F954E /* CurrentWeatherCVCM.swift */ = {isa = PBXFileReference; lastKnownFileType = sourcecode.swift; path = CurrentWeatherCVCM.swift; sourceTree = "<group>"; };
		4E11F8CB2D106CB9002F954E /* HourlyWeatherCVCM.swift */ = {isa = PBXFileReference; lastKnownFileType = sourcecode.swift; path = HourlyWeatherCVCM.swift; sourceTree = "<group>"; };
		4E11F8CD2D106CC8002F954E /* WeatherAstroCVCM.swift */ = {isa = PBXFileReference; lastKnownFileType = sourcecode.swift; path = WeatherAstroCVCM.swift; sourceTree = "<group>"; };
		4E11F8CF2D106CD6002F954E /* DailyWetaherCVCM.swift */ = {isa = PBXFileReference; lastKnownFileType = sourcecode.swift; path = DailyWetaherCVCM.swift; sourceTree = "<group>"; };
		4E11F8D52D107184002F954E /* UIColor + Extension.swift */ = {isa = PBXFileReference; lastKnownFileType = sourcecode.swift; path = "UIColor + Extension.swift"; sourceTree = "<group>"; };
/* End PBXFileReference section */

/* Begin PBXFrameworksBuildPhase section */
		4E11F87E2D0B84A7002F954E /* Frameworks */ = {
			isa = PBXFrameworksBuildPhase;
			buildActionMask = 2147483647;
			files = (
			);
			runOnlyForDeploymentPostprocessing = 0;
		};
/* End PBXFrameworksBuildPhase section */

/* Begin PBXGroup section */
		4E11F8782D0B84A7002F954E = {
			isa = PBXGroup;
			children = (
				4E11F8832D0B84A7002F954E /* WeatherAppProject */,
				4E11F8822D0B84A7002F954E /* Products */,
			);
			sourceTree = "<group>";
		};
		4E11F8822D0B84A7002F954E /* Products */ = {
			isa = PBXGroup;
			children = (
				4E11F8812D0B84A7002F954E /* WeatherAppProject.app */,
			);
			name = Products;
			sourceTree = "<group>";
		};
		4E11F8832D0B84A7002F954E /* WeatherAppProject */ = {
			isa = PBXGroup;
			children = (
				4E11F8982D0B84D3002F954E /* Aplication */,
				4E11F89C2D0B858C002F954E /* Screens */,
				4E11F89B2D0B8572002F954E /* ViewModels */,
				4E11F89D2D0B8597002F954E /* Servises */,
				4E11F89A2D0B855D002F954E /* Models */,
				4E11F8992D0B8553002F954E /* Extensions */,
				4E11F88D2D0B84A8002F954E /* Assets.xcassets */,
				4E11F8A12D0F521D002F954E /* citylist.json */,
				4E11F88F2D0B84A8002F954E /* LaunchScreen.storyboard */,
				4E11F8922D0B84A8002F954E /* Info.plist */,
			);
			path = WeatherAppProject;
			sourceTree = "<group>";
		};
		4E11F8982D0B84D3002F954E /* Aplication */ = {
			isa = PBXGroup;
			children = (
				4E11F8842D0B84A7002F954E /* AppDelegate.swift */,
				4E11F8862D0B84A7002F954E /* SceneDelegate.swift */,
			);
			path = Aplication;
			sourceTree = "<group>";
		};
		4E11F8992D0B8553002F954E /* Extensions */ = {
			isa = PBXGroup;
			children = (
				4E11F8B42D0F560E002F954E /* UIview + Extension.swift */,
				4E11F8B62D0F5632002F954E /* UIImageView + Extension.swift */,
				4E11F8B82D0F5650002F954E /* Double + Extension.swift */,
				4E11F8BA2D0F568D002F954E /* String + Extension.swift */,
				4E11F8D52D107184002F954E /* UIColor + Extension.swift */,
			);
			path = Extensions;
			sourceTree = "<group>";
		};
		4E11F89A2D0B855D002F954E /* Models */ = {
			isa = PBXGroup;
			children = (
				4E11F8A42D0F52DE002F954E /* WeatherModel.swift */,
				4E11F8A62D0F5320002F954E /* CityModel.swift */,
			);
			path = Models;
			sourceTree = "<group>";
		};
		4E11F89B2D0B8572002F954E /* ViewModels */ = {
			isa = PBXGroup;
			children = (
				4E11F8C62D106C12002F954E /* WeatherViewModels */,
			);
			path = ViewModels;
			sourceTree = "<group>";
		};
		4E11F89C2D0B858C002F954E /* Screens */ = {
			isa = PBXGroup;
			children = (
				4E11F8A02D0F51ED002F954E /* WeatherScreen */,
				4E11F8A32D0F5259002F954E /* CitiesScreen */,
			);
			path = Screens;
			sourceTree = "<group>";
		};
		4E11F89D2D0B8597002F954E /* Servises */ = {
			isa = PBXGroup;
			children = (
				4E11F8A82D0F5385002F954E /* APIService.swift */,
				4E11F8AA2D0F53E4002F954E /* NetworkService.swift */,
				4E11F8AC2D0F541C002F954E /* NetworkFetcher.swift */,
				4E11F8AE2D0F5493002F954E /* DataFetcher.swift */,
				4E11F8B02D0F552A002F954E /* LocationManager.swift */,
				4E11F8B22D0F5556002F954E /* StorageManager.swift */,
			);
			path = Servises;
			sourceTree = "<group>";
		};
		4E11F8A02D0F51ED002F954E /* WeatherScreen */ = {
			isa = PBXGroup;
			children = (
				4E11F8C42D106B79002F954E /* WeatherVC */,
				4E11F8C52D106B82002F954E /* WetaherCVC */,
			);
			path = WeatherScreen;
			sourceTree = "<group>";
		};
		4E11F8A32D0F5259002F954E /* CitiesScreen */ = {
			isa = PBXGroup;
			children = (
				4E11F8D12D106DF2002F954E /* CitiesVC */,
				4E11F8D22D106DFA002F954E /* CitiesCVC */,
			);
			path = CitiesScreen;
			sourceTree = "<group>";
		};
		4E11F8C42D106B79002F954E /* WeatherVC */ = {
			isa = PBXGroup;
			children = (
				4E11F8882D0B84A7002F954E /* WeatherViewController.swift */,
			);
			path = WeatherVC;
			sourceTree = "<group>";
		};
		4E11F8C52D106B82002F954E /* WetaherCVC */ = {
			isa = PBXGroup;
			children = (
				4E11F8BC2D1068C2002F954E /* WeatherCurrentCVC.swift */,
				4E11F8BE2D1068CE002F954E /* HourlyWeatherCVC.swift */,
				4E11F8C02D106A22002F954E /* WeatherAstroCVC.swift */,
				4E11F8C22D106A37002F954E /* WeatherDailyCVC.swift */,
			);
			path = WetaherCVC;
			sourceTree = "<group>";
		};
		4E11F8C62D106C12002F954E /* WeatherViewModels */ = {
			isa = PBXGroup;
			children = (
				4E11F8C72D106C8A002F954E /* WeatherViewModel.swift */,
				4E11F8C92D106CA5002F954E /* CurrentWeatherCVCM.swift */,
				4E11F8CB2D106CB9002F954E /* HourlyWeatherCVCM.swift */,
				4E11F8CD2D106CC8002F954E /* WeatherAstroCVCM.swift */,
				4E11F8CF2D106CD6002F954E /* DailyWetaherCVCM.swift */,
			);
			path = WeatherViewModels;
			sourceTree = "<group>";
		};
		4E11F8D12D106DF2002F954E /* CitiesVC */ = {
			isa = PBXGroup;
			children = (
				4E11F89E2D0F0E85002F954E /* CitiesViewController.swift */,
			);
			path = CitiesVC;
			sourceTree = "<group>";
		};
		4E11F8D22D106DFA002F954E /* CitiesCVC */ = {
			isa = PBXGroup;
			children = (
			);
			path = CitiesCVC;
			sourceTree = "<group>";
		};
/* End PBXGroup section */

/* Begin PBXNativeTarget section */
		4E11F8802D0B84A7002F954E /* WeatherAppProject */ = {
			isa = PBXNativeTarget;
			buildConfigurationList = 4E11F8952D0B84A8002F954E /* Build configuration list for PBXNativeTarget "WeatherAppProject" */;
			buildPhases = (
				4E11F87D2D0B84A7002F954E /* Sources */,
				4E11F87E2D0B84A7002F954E /* Frameworks */,
				4E11F87F2D0B84A7002F954E /* Resources */,
			);
			buildRules = (
			);
			dependencies = (
			);
			name = WeatherAppProject;
			productName = WeatherAppProject;
			productReference = 4E11F8812D0B84A7002F954E /* WeatherAppProject.app */;
			productType = "com.apple.product-type.application";
		};
/* End PBXNativeTarget section */

/* Begin PBXProject section */
		4E11F8792D0B84A7002F954E /* Project object */ = {
			isa = PBXProject;
			attributes = {
				BuildIndependentTargetsInParallel = 1;
				LastSwiftUpdateCheck = 1540;
				LastUpgradeCheck = 1540;
				TargetAttributes = {
					4E11F8802D0B84A7002F954E = {
						CreatedOnToolsVersion = 15.4;
					};
				};
			};
			buildConfigurationList = 4E11F87C2D0B84A7002F954E /* Build configuration list for PBXProject "WeatherAppProject" */;
			compatibilityVersion = "Xcode 14.0";
			developmentRegion = en;
			hasScannedForEncodings = 0;
			knownRegions = (
				en,
				Base,
			);
			mainGroup = 4E11F8782D0B84A7002F954E;
			productRefGroup = 4E11F8822D0B84A7002F954E /* Products */;
			projectDirPath = "";
			projectRoot = "";
			targets = (
				4E11F8802D0B84A7002F954E /* WeatherAppProject */,
			);
		};
/* End PBXProject section */

/* Begin PBXResourcesBuildPhase section */
		4E11F87F2D0B84A7002F954E /* Resources */ = {
			isa = PBXResourcesBuildPhase;
			buildActionMask = 2147483647;
			files = (
				4E11F88E2D0B84A8002F954E /* Assets.xcassets in Resources */,
				4E11F8912D0B84A8002F954E /* Base in Resources */,
				4E11F8A22D0F521D002F954E /* citylist.json in Resources */,
			);
			runOnlyForDeploymentPostprocessing = 0;
		};
/* End PBXResourcesBuildPhase section */

/* Begin PBXSourcesBuildPhase section */
		4E11F87D2D0B84A7002F954E /* Sources */ = {
			isa = PBXSourcesBuildPhase;
			buildActionMask = 2147483647;
			files = (
				4E11F8892D0B84A7002F954E /* WeatherViewController.swift in Sources */,
				4E11F8C12D106A22002F954E /* WeatherAstroCVC.swift in Sources */,
				4E11F8AD2D0F541C002F954E /* NetworkFetcher.swift in Sources */,
				4E11F8CE2D106CC8002F954E /* WeatherAstroCVCM.swift in Sources */,
				4E11F8BB2D0F568D002F954E /* String + Extension.swift in Sources */,
				4E11F8BF2D1068CE002F954E /* HourlyWeatherCVC.swift in Sources */,
				4E11F8B72D0F5632002F954E /* UIImageView + Extension.swift in Sources */,
				4E11F8A92D0F5385002F954E /* APIService.swift in Sources */,
				4E11F8C32D106A37002F954E /* WeatherDailyCVC.swift in Sources */,
				4E11F8B32D0F5556002F954E /* StorageManager.swift in Sources */,
				4E11F8CA2D106CA5002F954E /* CurrentWeatherCVCM.swift in Sources */,
				4E11F8B12D0F552A002F954E /* LocationManager.swift in Sources */,
				4E11F8C82D106C8A002F954E /* WeatherViewModel.swift in Sources */,
				4E11F8D02D106CD6002F954E /* DailyWetaherCVCM.swift in Sources */,
				4E11F8AB2D0F53E4002F954E /* NetworkService.swift in Sources */,
				4E11F89F2D0F0E85002F954E /* CitiesViewController.swift in Sources */,
				4E11F8AF2D0F5493002F954E /* DataFetcher.swift in Sources */,
				4E11F8D62D107184002F954E /* UIColor + Extension.swift in Sources */,
				4E11F8BD2D1068C2002F954E /* WeatherCurrentCVC.swift in Sources */,
				4E11F8CC2D106CB9002F954E /* HourlyWeatherCVCM.swift in Sources */,
				4E11F8B52D0F560E002F954E /* UIview + Extension.swift in Sources */,
				4E11F8B92D0F5650002F954E /* Double + Extension.swift in Sources */,
				4E11F8A72D0F5320002F954E /* CityModel.swift in Sources */,
				4E11F8852D0B84A7002F954E /* AppDelegate.swift in Sources */,
				4E11F8872D0B84A7002F954E /* SceneDelegate.swift in Sources */,
				4E11F8A52D0F52DE002F954E /* WeatherModel.swift in Sources */,
			);
			runOnlyForDeploymentPostprocessing = 0;
		};
/* End PBXSourcesBuildPhase section */

/* Begin PBXVariantGroup section */
		4E11F88F2D0B84A8002F954E /* LaunchScreen.storyboard */ = {
			isa = PBXVariantGroup;
			children = (
				4E11F8902D0B84A8002F954E /* Base */,
			);
			name = LaunchScreen.storyboard;
			sourceTree = "<group>";
		};
/* End PBXVariantGroup section */

/* Begin XCBuildConfiguration section */
		4E11F8932D0B84A8002F954E /* Debug */ = {
			isa = XCBuildConfiguration;
			buildSettings = {
				ALWAYS_SEARCH_USER_PATHS = NO;
				ASSETCATALOG_COMPILER_GENERATE_SWIFT_ASSET_SYMBOL_EXTENSIONS = YES;
				CLANG_ANALYZER_NONNULL = YES;
				CLANG_ANALYZER_NUMBER_OBJECT_CONVERSION = YES_AGGRESSIVE;
				CLANG_CXX_LANGUAGE_STANDARD = "gnu++20";
				CLANG_ENABLE_MODULES = YES;
				CLANG_ENABLE_OBJC_ARC = YES;
				CLANG_ENABLE_OBJC_WEAK = YES;
				CLANG_WARN_BLOCK_CAPTURE_AUTORELEASING = YES;
				CLANG_WARN_BOOL_CONVERSION = YES;
				CLANG_WARN_COMMA = YES;
				CLANG_WARN_CONSTANT_CONVERSION = YES;
				CLANG_WARN_DEPRECATED_OBJC_IMPLEMENTATIONS = YES;
				CLANG_WARN_DIRECT_OBJC_ISA_USAGE = YES_ERROR;
				CLANG_WARN_DOCUMENTATION_COMMENTS = YES;
				CLANG_WARN_EMPTY_BODY = YES;
				CLANG_WARN_ENUM_CONVERSION = YES;
				CLANG_WARN_INFINITE_RECURSION = YES;
				CLANG_WARN_INT_CONVERSION = YES;
				CLANG_WARN_NON_LITERAL_NULL_CONVERSION = YES;
				CLANG_WARN_OBJC_IMPLICIT_RETAIN_SELF = YES;
				CLANG_WARN_OBJC_LITERAL_CONVERSION = YES;
				CLANG_WARN_OBJC_ROOT_CLASS = YES_ERROR;
				CLANG_WARN_QUOTED_INCLUDE_IN_FRAMEWORK_HEADER = YES;
				CLANG_WARN_RANGE_LOOP_ANALYSIS = YES;
				CLANG_WARN_STRICT_PROTOTYPES = YES;
				CLANG_WARN_SUSPICIOUS_MOVE = YES;
				CLANG_WARN_UNGUARDED_AVAILABILITY = YES_AGGRESSIVE;
				CLANG_WARN_UNREACHABLE_CODE = YES;
				CLANG_WARN__DUPLICATE_METHOD_MATCH = YES;
				COPY_PHASE_STRIP = NO;
				DEBUG_INFORMATION_FORMAT = dwarf;
				ENABLE_STRICT_OBJC_MSGSEND = YES;
				ENABLE_TESTABILITY = YES;
				ENABLE_USER_SCRIPT_SANDBOXING = YES;
				GCC_C_LANGUAGE_STANDARD = gnu17;
				GCC_DYNAMIC_NO_PIC = NO;
				GCC_NO_COMMON_BLOCKS = YES;
				GCC_OPTIMIZATION_LEVEL = 0;
				GCC_PREPROCESSOR_DEFINITIONS = (
					"DEBUG=1",
					"$(inherited)",
				);
				GCC_WARN_64_TO_32_BIT_CONVERSION = YES;
				GCC_WARN_ABOUT_RETURN_TYPE = YES_ERROR;
				GCC_WARN_UNDECLARED_SELECTOR = YES;
				GCC_WARN_UNINITIALIZED_AUTOS = YES_AGGRESSIVE;
				GCC_WARN_UNUSED_FUNCTION = YES;
				GCC_WARN_UNUSED_VARIABLE = YES;
				IPHONEOS_DEPLOYMENT_TARGET = 17.5;
				LOCALIZATION_PREFERS_STRING_CATALOGS = YES;
				MTL_ENABLE_DEBUG_INFO = INCLUDE_SOURCE;
				MTL_FAST_MATH = YES;
				ONLY_ACTIVE_ARCH = YES;
				SDKROOT = iphoneos;
				SWIFT_ACTIVE_COMPILATION_CONDITIONS = "DEBUG $(inherited)";
				SWIFT_OPTIMIZATION_LEVEL = "-Onone";
			};
			name = Debug;
		};
		4E11F8942D0B84A8002F954E /* Release */ = {
			isa = XCBuildConfiguration;
			buildSettings = {
				ALWAYS_SEARCH_USER_PATHS = NO;
				ASSETCATALOG_COMPILER_GENERATE_SWIFT_ASSET_SYMBOL_EXTENSIONS = YES;
				CLANG_ANALYZER_NONNULL = YES;
				CLANG_ANALYZER_NUMBER_OBJECT_CONVERSION = YES_AGGRESSIVE;
				CLANG_CXX_LANGUAGE_STANDARD = "gnu++20";
				CLANG_ENABLE_MODULES = YES;
				CLANG_ENABLE_OBJC_ARC = YES;
				CLANG_ENABLE_OBJC_WEAK = YES;
				CLANG_WARN_BLOCK_CAPTURE_AUTORELEASING = YES;
				CLANG_WARN_BOOL_CONVERSION = YES;
				CLANG_WARN_COMMA = YES;
				CLANG_WARN_CONSTANT_CONVERSION = YES;
				CLANG_WARN_DEPRECATED_OBJC_IMPLEMENTATIONS = YES;
				CLANG_WARN_DIRECT_OBJC_ISA_USAGE = YES_ERROR;
				CLANG_WARN_DOCUMENTATION_COMMENTS = YES;
				CLANG_WARN_EMPTY_BODY = YES;
				CLANG_WARN_ENUM_CONVERSION = YES;
				CLANG_WARN_INFINITE_RECURSION = YES;
				CLANG_WARN_INT_CONVERSION = YES;
				CLANG_WARN_NON_LITERAL_NULL_CONVERSION = YES;
				CLANG_WARN_OBJC_IMPLICIT_RETAIN_SELF = YES;
				CLANG_WARN_OBJC_LITERAL_CONVERSION = YES;
				CLANG_WARN_OBJC_ROOT_CLASS = YES_ERROR;
				CLANG_WARN_QUOTED_INCLUDE_IN_FRAMEWORK_HEADER = YES;
				CLANG_WARN_RANGE_LOOP_ANALYSIS = YES;
				CLANG_WARN_STRICT_PROTOTYPES = YES;
				CLANG_WARN_SUSPICIOUS_MOVE = YES;
				CLANG_WARN_UNGUARDED_AVAILABILITY = YES_AGGRESSIVE;
				CLANG_WARN_UNREACHABLE_CODE = YES;
				CLANG_WARN__DUPLICATE_METHOD_MATCH = YES;
				COPY_PHASE_STRIP = NO;
				DEBUG_INFORMATION_FORMAT = "dwarf-with-dsym";
				ENABLE_NS_ASSERTIONS = NO;
				ENABLE_STRICT_OBJC_MSGSEND = YES;
				ENABLE_USER_SCRIPT_SANDBOXING = YES;
				GCC_C_LANGUAGE_STANDARD = gnu17;
				GCC_NO_COMMON_BLOCKS = YES;
				GCC_WARN_64_TO_32_BIT_CONVERSION = YES;
				GCC_WARN_ABOUT_RETURN_TYPE = YES_ERROR;
				GCC_WARN_UNDECLARED_SELECTOR = YES;
				GCC_WARN_UNINITIALIZED_AUTOS = YES_AGGRESSIVE;
				GCC_WARN_UNUSED_FUNCTION = YES;
				GCC_WARN_UNUSED_VARIABLE = YES;
				IPHONEOS_DEPLOYMENT_TARGET = 17.5;
				LOCALIZATION_PREFERS_STRING_CATALOGS = YES;
				MTL_ENABLE_DEBUG_INFO = NO;
				MTL_FAST_MATH = YES;
				SDKROOT = iphoneos;
				SWIFT_COMPILATION_MODE = wholemodule;
				VALIDATE_PRODUCT = YES;
			};
			name = Release;
		};
		4E11F8962D0B84A8002F954E /* Debug */ = {
			isa = XCBuildConfiguration;
			buildSettings = {
				ASSETCATALOG_COMPILER_APPICON_NAME = AppIcon;
				ASSETCATALOG_COMPILER_GLOBAL_ACCENT_COLOR_NAME = AccentColor;
				CODE_SIGN_STYLE = Automatic;
				CURRENT_PROJECT_VERSION = 1;
				DEVELOPMENT_TEAM = DA2G77482Y;
				GENERATE_INFOPLIST_FILE = YES;
				INFOPLIST_FILE = WeatherAppProject/Info.plist;
				INFOPLIST_KEY_NSLocationWhenInUseUsageDescription = "";
				INFOPLIST_KEY_UILaunchStoryboardName = LaunchScreen;
				INFOPLIST_KEY_UISupportedInterfaceOrientations_iPad = "UIInterfaceOrientationPortrait UIInterfaceOrientationPortraitUpsideDown UIInterfaceOrientationLandscapeLeft UIInterfaceOrientationLandscapeRight";
				INFOPLIST_KEY_UISupportedInterfaceOrientations_iPhone = "UIInterfaceOrientationPortrait UIInterfaceOrientationLandscapeLeft UIInterfaceOrientationLandscapeRight";
				LD_RUNPATH_SEARCH_PATHS = (
					"$(inherited)",
					"@executable_path/Frameworks",
				);
				MARKETING_VERSION = 1.0;
				PRODUCT_BUNDLE_IDENTIFIER = alexanderMikeylov.WeatherAppProject;
				PRODUCT_NAME = "$(TARGET_NAME)";
				SWIFT_EMIT_LOC_STRINGS = YES;
				SWIFT_VERSION = 5.0;
				TARGETED_DEVICE_FAMILY = "1,2";
			};
			name = Debug;
		};
		4E11F8972D0B84A8002F954E /* Release */ = {
			isa = XCBuildConfiguration;
			buildSettings = {
				ASSETCATALOG_COMPILER_APPICON_NAME = AppIcon;
				ASSETCATALOG_COMPILER_GLOBAL_ACCENT_COLOR_NAME = AccentColor;
				CODE_SIGN_STYLE = Automatic;
				CURRENT_PROJECT_VERSION = 1;
				DEVELOPMENT_TEAM = DA2G77482Y;
				GENERATE_INFOPLIST_FILE = YES;
				INFOPLIST_FILE = WeatherAppProject/Info.plist;
				INFOPLIST_KEY_NSLocationWhenInUseUsageDescription = "";
				INFOPLIST_KEY_UILaunchStoryboardName = LaunchScreen;
				INFOPLIST_KEY_UISupportedInterfaceOrientations_iPad = "UIInterfaceOrientationPortrait UIInterfaceOrientationPortraitUpsideDown UIInterfaceOrientationLandscapeLeft UIInterfaceOrientationLandscapeRight";
				INFOPLIST_KEY_UISupportedInterfaceOrientations_iPhone = "UIInterfaceOrientationPortrait UIInterfaceOrientationLandscapeLeft UIInterfaceOrientationLandscapeRight";
				LD_RUNPATH_SEARCH_PATHS = (
					"$(inherited)",
					"@executable_path/Frameworks",
				);
				MARKETING_VERSION = 1.0;
				PRODUCT_BUNDLE_IDENTIFIER = alexanderMikeylov.WeatherAppProject;
				PRODUCT_NAME = "$(TARGET_NAME)";
				SWIFT_EMIT_LOC_STRINGS = YES;
				SWIFT_VERSION = 5.0;
				TARGETED_DEVICE_FAMILY = "1,2";
			};
			name = Release;
		};
/* End XCBuildConfiguration section */

/* Begin XCConfigurationList section */
		4E11F87C2D0B84A7002F954E /* Build configuration list for PBXProject "WeatherAppProject" */ = {
			isa = XCConfigurationList;
			buildConfigurations = (
				4E11F8932D0B84A8002F954E /* Debug */,
				4E11F8942D0B84A8002F954E /* Release */,
			);
			defaultConfigurationIsVisible = 0;
			defaultConfigurationName = Release;
		};
		4E11F8952D0B84A8002F954E /* Build configuration list for PBXNativeTarget "WeatherAppProject" */ = {
			isa = XCConfigurationList;
			buildConfigurations = (
				4E11F8962D0B84A8002F954E /* Debug */,
				4E11F8972D0B84A8002F954E /* Release */,
			);
			defaultConfigurationIsVisible = 0;
			defaultConfigurationName = Release;
		};
/* End XCConfigurationList section */
	};
	rootObject = 4E11F8792D0B84A7002F954E /* Project object */;
}
